
Microsoft Visual Studio Solution File, Format Version 12.00
# Visual Studio Version 17
VisualStudioVersion = 17.11.35327.3
MinimumVisualStudioVersion = 10.0.40219.1
Project("{9A19103F-16F7-4668-BE54-9A1E7A4F7556}") = "AMIG.OS", "AMIG.OS\AMIG.OS.csproj", "{3FB82163-74B1-4702-9C46-BCE3D56ABDAC}"
EndProject
Global
	GlobalSection(SolutionConfigurationPlatforms) = preSolution
		Debug|Any CPU = Debug|Any CPU
		Release|Any CPU = Release|Any CPU
	EndGlobalSection
	GlobalSection(ProjectConfigurationPlatforms) = postSolution
		{3FB82163-74B1-4702-9C46-BCE3D56ABDAC}.Debug|Any CPU.ActiveCfg = Debug|Any CPU
		{3FB82163-74B1-4702-9C46-BCE3D56ABDAC}.Debug|Any CPU.Build.0 = Debug|Any CPU
		{3FB82163-74B1-4702-9C46-BCE3D56ABDAC}.Release|Any CPU.ActiveCfg = Release|Any CPU
		{3FB82163-74B1-4702-9C46-BCE3D56ABDAC}.Release|Any CPU.Build.0 = Release|Any CPU
	EndGlobalSection
	GlobalSection(SolutionProperties) = preSolution
		HideSolutionNode = FALSE
	EndGlobalSection
	GlobalSection(ExtensibilityGlobals) = postSolution
		SolutionGuid = {C18BF529-6F6C-466E-A92B-0CB5B447FA4C}
	EndGlobalSection
EndGlobal
